<?xml version="1.0" encoding="utf-8"?>
<Project ToolsVersion="4.0" xmlns="http://schemas.microsoft.com/developer/msbuild/2003">
  <ItemGroup>
    <ClCompile Include="opengl.cpp" />
    <ClCompile Include="stdafx.cpp" />
    <ClCompile Include="..\inc\imgui\imgui.cpp">
      <Filter>imgui</Filter>
    </ClCompile>
    <ClCompile Include="..\inc\imgui\imgui_demo.cpp">
      <Filter>imgui</Filter>
    </ClCompile>
    <ClCompile Include="..\inc\imgui\imgui_draw.cpp">
      <Filter>imgui</Filter>
    </ClCompile>
    <ClCompile Include="..\inc\imgui\imgui_widgets.cpp">
      <Filter>imgui</Filter>
    </ClCompile>
    <ClCompile Include="..\inc\imgui\imgui_impl_glut.cpp">
      <Filter>imgui</Filter>
    </ClCompile>
    <ClCompile Include="..\inc\imgui\imgui_impl_opengl3.cpp">
      <Filter>imgui</Filter>
    </ClCompile>
  </ItemGroup>
  <ItemGroup>
    <ClInclude Include="FrameBuffer.h" />
    <ClInclude Include="inc\bullet.h" />
    <ClInclude Include="inc\ToolModule.h" />
    <ClInclude Include="stb_image.h" />
    <ClInclude Include="stdafx.h" />
    <ClInclude Include="tiny_obj_loader.h" />
    <ClInclude Include="..\inc\imgui\imgui.h">
      <Filter>imgui</Filter>
    </ClInclude>
    <ClInclude Include="..\inc\imgui\imgui_internal.h">
      <Filter>imgui</Filter>
    </ClInclude>
    <ClInclude Include="..\inc\imgui\imstb_rectpack.h">
      <Filter>imgui</Filter>
    </ClInclude>
    <ClInclude Include="..\inc\imgui\imstb_textedit.h">
      <Filter>imgui</Filter>
    </ClInclude>
    <ClInclude Include="..\inc\imgui\imstb_truetype.h">
      <Filter>imgui</Filter>
    </ClInclude>
    <ClInclude Include="..\inc\imgui\imconfig.h">
      <Filter>imgui</Filter>
    </ClInclude>
    <ClInclude Include="..\inc\imgui\imgui_impl_glut.h">
      <Filter>imgui</Filter>
    </ClInclude>
    <ClInclude Include="..\inc\imgui\imgui_impl_opengl3.h">
      <Filter>imgui</Filter>
    </ClInclude>
    <ClInclude Include="mGlHeader.h" />
  </ItemGroup>
  <ItemGroup>
    <Filter Include="imgui">
      <UniqueIdentifier>{7ced5881-bab4-4604-a549-34c75ea07043}</UniqueIdentifier>
    </Filter>
    <Filter Include="shader">
      <UniqueIdentifier>{5a36a393-f0b8-4219-91a6-67348d6c77ef}</UniqueIdentifier>
    </Filter>
  </ItemGroup>
  <ItemGroup>
    <None Include="shader\background.fs">
      <Filter>shader</Filter>
    </None>
    <None Include="shader\background.vs">
      <Filter>shader</Filter>
    </None>
    <None Include="shader\brdf.fs">
      <Filter>shader</Filter>
    </None>
    <None Include="shader\brdf.vs">
      <Filter>shader</Filter>
    </None>
    <None Include="shader\cubemap.vs">
      <Filter>shader</Filter>
    </None>
    <None Include="shader\equirectangular_to_cubemap.fs">
      <Filter>shader</Filter>
    </None>
    <None Include="shader\grid.fs">
      <Filter>shader</Filter>
    </None>
    <None Include="shader\grid.vs">
      <Filter>shader</Filter>
    </None>
    <None Include="shader\irradiance_convolution.fs">
      <Filter>shader</Filter>
    </None>
    <None Include="shader\pbr.fs">
      <Filter>shader</Filter>
    </None>
    <None Include="shader\pbr.vs">
      <Filter>shader</Filter>
    </None>
    <None Include="shader\postprocess.fs">
      <Filter>shader</Filter>
    </None>
    <None Include="shader\postprocess.vs">
      <Filter>shader</Filter>
    </None>
    <None Include="shader\prefilter.fs">
      <Filter>shader</Filter>
    </None>
    <None Include="shader\tri.fs">
      <Filter>shader</Filter>
    </None>
    <None Include="shader\tri.vs">
      <Filter>shader</Filter>
    </None>
    <None Include="shader\unlit.fs">
      <Filter>shader</Filter>
    </None>
    <None Include="shader\unlit.vs">
      <Filter>shader</Filter>
    </None>
  </ItemGroup>
</Project>